// !$*UTF8*$!
{
	archiveVersion = 1;
	classes = {
	};
	objectVersion = 46;
	objects = {

/* Begin PBXBuildFile section */
		260580891B75B92E008DBF28 /* main.m in Sources */ = {isa = PBXBuildFile; fileRef = 260580881B75B92E008DBF28 /* main.m */; };
		2605808C1B75B92E008DBF28 /* AppDelegate.m in Sources */ = {isa = PBXBuildFile; fileRef = 2605808B1B75B92E008DBF28 /* AppDelegate.m */; };
		260580921B75B92E008DBF28 /* Main.storyboard in Resources */ = {isa = PBXBuildFile; fileRef = 260580901B75B92E008DBF28 /* Main.storyboard */; };
		260580941B75B92E008DBF28 /* Images.xcassets in Resources */ = {isa = PBXBuildFile; fileRef = 260580931B75B92E008DBF28 /* Images.xcassets */; };
		260580971B75B92E008DBF28 /* LaunchScreen.xib in Resources */ = {isa = PBXBuildFile; fileRef = 260580951B75B92E008DBF28 /* LaunchScreen.xib */; };
		260580A31B75B92E008DBF28 /* RibbitTests.m in Sources */ = {isa = PBXBuildFile; fileRef = 260580A21B75B92E008DBF28 /* RibbitTests.m */; };
		260580B21B768698008DBF28 /* camera.png in Resources */ = {isa = PBXBuildFile; fileRef = 260580AC1B768698008DBF28 /* camera.png */; };
		260580B31B768698008DBF28 /* friends.png in Resources */ = {isa = PBXBuildFile; fileRef = 260580AD1B768698008DBF28 /* friends.png */; };
		260580B41B768698008DBF28 /* inbox.png in Resources */ = {isa = PBXBuildFile; fileRef = 260580AE1B768698008DBF28 /* inbox.png */; };
		260580B51B768698008DBF28 /* camera@2x.png in Resources */ = {isa = PBXBuildFile; fileRef = 260580AF1B768698008DBF28 /* camera@2x.png */; };
		260580B61B768698008DBF28 /* friends@2x.png in Resources */ = {isa = PBXBuildFile; fileRef = 260580B01B768698008DBF28 /* friends@2x.png */; };
		260580B71B768698008DBF28 /* inbox@2x.png in Resources */ = {isa = PBXBuildFile; fileRef = 260580B11B768698008DBF28 /* inbox@2x.png */; };
		26705BEE1B781F03005EBEEE /* InboxViewController.m in Sources */ = {isa = PBXBuildFile; fileRef = 26705BED1B781F03005EBEEE /* InboxViewController.m */; };
		26705BF01B797AFE005EBEEE /* Parse.framework in Frameworks */ = {isa = PBXBuildFile; fileRef = 26705BEF1B797AFD005EBEEE /* Parse.framework */; };
		26705BFB1B797C3A005EBEEE /* AudioToolbox.framework in Frameworks */ = {isa = PBXBuildFile; fileRef = 26705BF11B797C3A005EBEEE /* AudioToolbox.framework */; };
		26705BFC1B797C3A005EBEEE /* CFNetwork.framework in Frameworks */ = {isa = PBXBuildFile; fileRef = 26705BF21B797C3A005EBEEE /* CFNetwork.framework */; };
		26705BFD1B797C3A005EBEEE /* CoreGraphics.framework in Frameworks */ = {isa = PBXBuildFile; fileRef = 26705BF31B797C3A005EBEEE /* CoreGraphics.framework */; };
		26705BFE1B797C3A005EBEEE /* CoreLocation.framework in Frameworks */ = {isa = PBXBuildFile; fileRef = 26705BF41B797C3A005EBEEE /* CoreLocation.framework */; };
		26705BFF1B797C3A005EBEEE /* libz.1.1.3.dylib in Frameworks */ = {isa = PBXBuildFile; fileRef = 26705BF51B797C3A005EBEEE /* libz.1.1.3.dylib */; };
		26705C001B797C3A005EBEEE /* MobileCoreServices.framework in Frameworks */ = {isa = PBXBuildFile; fileRef = 26705BF61B797C3A005EBEEE /* MobileCoreServices.framework */; };
		26705C011B797C3A005EBEEE /* QuartzCore.framework in Frameworks */ = {isa = PBXBuildFile; fileRef = 26705BF71B797C3A005EBEEE /* QuartzCore.framework */; };
		26705C021B797C3A005EBEEE /* Security.framework in Frameworks */ = {isa = PBXBuildFile; fileRef = 26705BF81B797C3A005EBEEE /* Security.framework */; };
		26705C031B797C3A005EBEEE /* StoreKit.framework in Frameworks */ = {isa = PBXBuildFile; fileRef = 26705BF91B797C3A005EBEEE /* StoreKit.framework */; };
		26705C041B797C3A005EBEEE /* SystemConfiguration.framework in Frameworks */ = {isa = PBXBuildFile; fileRef = 26705BFA1B797C3A005EBEEE /* SystemConfiguration.framework */; };
		26705C061B797C90005EBEEE /* Bolts.framework in Frameworks */ = {isa = PBXBuildFile; fileRef = 26705C051B797C90005EBEEE /* Bolts.framework */; };
		26705C081B797CBC005EBEEE /* libsqlite3.dylib in Frameworks */ = {isa = PBXBuildFile; fileRef = 26705C071B797CBC005EBEEE /* libsqlite3.dylib */; };
		26705C121B798285005EBEEE /* SignupViewController.m in Sources */ = {isa = PBXBuildFile; fileRef = 26705C111B798285005EBEEE /* SignupViewController.m */; };
		26705C151B7982CF005EBEEE /* LoginViewController.m in Sources */ = {isa = PBXBuildFile; fileRef = 26705C141B7982CF005EBEEE /* LoginViewController.m */; };
/* End PBXBuildFile section */

/* Begin PBXContainerItemProxy section */
		2605809D1B75B92E008DBF28 /* PBXContainerItemProxy */ = {
			isa = PBXContainerItemProxy;
			containerPortal = 2605807B1B75B92E008DBF28 /* Project object */;
			proxyType = 1;
			remoteGlobalIDString = 260580821B75B92E008DBF28;
			remoteInfo = Ribbit;
		};
/* End PBXContainerItemProxy section */

/* Begin PBXFileReference section */
		260580831B75B92E008DBF28 /* Ribbit.app */ = {isa = PBXFileReference; explicitFileType = wrapper.application; includeInIndex = 0; path = Ribbit.app; sourceTree = BUILT_PRODUCTS_DIR; };
		260580871B75B92E008DBF28 /* Info.plist */ = {isa = PBXFileReference; lastKnownFileType = text.plist.xml; path = Info.plist; sourceTree = "<group>"; };
		260580881B75B92E008DBF28 /* main.m */ = {isa = PBXFileReference; lastKnownFileType = sourcecode.c.objc; path = main.m; sourceTree = "<group>"; };
		2605808A1B75B92E008DBF28 /* AppDelegate.h */ = {isa = PBXFileReference; lastKnownFileType = sourcecode.c.h; path = AppDelegate.h; sourceTree = "<group>"; };
		2605808B1B75B92E008DBF28 /* AppDelegate.m */ = {isa = PBXFileReference; lastKnownFileType = sourcecode.c.objc; path = AppDelegate.m; sourceTree = "<group>"; };
		260580911B75B92E008DBF28 /* Base */ = {isa = PBXFileReference; lastKnownFileType = file.storyboard; name = Base; path = Base.lproj/Main.storyboard; sourceTree = "<group>"; };
		260580931B75B92E008DBF28 /* Images.xcassets */ = {isa = PBXFileReference; lastKnownFileType = folder.assetcatalog; path = Images.xcassets; sourceTree = "<group>"; };
		260580961B75B92E008DBF28 /* Base */ = {isa = PBXFileReference; lastKnownFileType = file.xib; name = Base; path = Base.lproj/LaunchScreen.xib; sourceTree = "<group>"; };
		2605809C1B75B92E008DBF28 /* RibbitTests.xctest */ = {isa = PBXFileReference; explicitFileType = wrapper.cfbundle; includeInIndex = 0; path = RibbitTests.xctest; sourceTree = BUILT_PRODUCTS_DIR; };
		260580A11B75B92E008DBF28 /* Info.plist */ = {isa = PBXFileReference; lastKnownFileType = text.plist.xml; path = Info.plist; sourceTree = "<group>"; };
		260580A21B75B92E008DBF28 /* RibbitTests.m */ = {isa = PBXFileReference; lastKnownFileType = sourcecode.c.objc; path = RibbitTests.m; sourceTree = "<group>"; };
		260580AC1B768698008DBF28 /* camera.png */ = {isa = PBXFileReference; lastKnownFileType = image.png; name = camera.png; path = ../camera.png; sourceTree = "<group>"; };
		260580AD1B768698008DBF28 /* friends.png */ = {isa = PBXFileReference; lastKnownFileType = image.png; name = friends.png; path = ../friends.png; sourceTree = "<group>"; };
		260580AE1B768698008DBF28 /* inbox.png */ = {isa = PBXFileReference; lastKnownFileType = image.png; name = inbox.png; path = ../inbox.png; sourceTree = "<group>"; };
		260580AF1B768698008DBF28 /* camera@2x.png */ = {isa = PBXFileReference; lastKnownFileType = image.png; name = "camera@2x.png"; path = "../camera@2x.png"; sourceTree = "<group>"; };
		260580B01B768698008DBF28 /* friends@2x.png */ = {isa = PBXFileReference; lastKnownFileType = image.png; name = "friends@2x.png"; path = "../friends@2x.png"; sourceTree = "<group>"; };
		260580B11B768698008DBF28 /* inbox@2x.png */ = {isa = PBXFileReference; lastKnownFileType = image.png; name = "inbox@2x.png"; path = "../inbox@2x.png"; sourceTree = "<group>"; };
		26705BEC1B781F03005EBEEE /* InboxViewController.h */ = {isa = PBXFileReference; fileEncoding = 4; lastKnownFileType = sourcecode.c.h; path = InboxViewController.h; sourceTree = "<group>"; };
		26705BED1B781F03005EBEEE /* InboxViewController.m */ = {isa = PBXFileReference; fileEncoding = 4; lastKnownFileType = sourcecode.c.objc; path = InboxViewController.m; sourceTree = "<group>"; };
		26705BEF1B797AFD005EBEEE /* Parse.framework */ = {isa = PBXFileReference; lastKnownFileType = wrapper.framework; path = Parse.framework; sourceTree = "<group>"; };
		26705BF11B797C3A005EBEEE /* AudioToolbox.framework */ = {isa = PBXFileReference; lastKnownFileType = wrapper.framework; name = AudioToolbox.framework; path = System/Library/Frameworks/AudioToolbox.framework; sourceTree = SDKROOT; };
		26705BF21B797C3A005EBEEE /* CFNetwork.framework */ = {isa = PBXFileReference; lastKnownFileType = wrapper.framework; name = CFNetwork.framework; path = System/Library/Frameworks/CFNetwork.framework; sourceTree = SDKROOT; };
		26705BF31B797C3A005EBEEE /* CoreGraphics.framework */ = {isa = PBXFileReference; lastKnownFileType = wrapper.framework; name = CoreGraphics.framework; path = System/Library/Frameworks/CoreGraphics.framework; sourceTree = SDKROOT; };
		26705BF41B797C3A005EBEEE /* CoreLocation.framework */ = {isa = PBXFileReference; lastKnownFileType = wrapper.framework; name = CoreLocation.framework; path = System/Library/Frameworks/CoreLocation.framework; sourceTree = SDKROOT; };
		26705BF51B797C3A005EBEEE /* libz.1.1.3.dylib */ = {isa = PBXFileReference; lastKnownFileType = "compiled.mach-o.dylib"; name = libz.1.1.3.dylib; path = usr/lib/libz.1.1.3.dylib; sourceTree = SDKROOT; };
		26705BF61B797C3A005EBEEE /* MobileCoreServices.framework */ = {isa = PBXFileReference; lastKnownFileType = wrapper.framework; name = MobileCoreServices.framework; path = System/Library/Frameworks/MobileCoreServices.framework; sourceTree = SDKROOT; };
		26705BF71B797C3A005EBEEE /* QuartzCore.framework */ = {isa = PBXFileReference; lastKnownFileType = wrapper.framework; name = QuartzCore.framework; path = System/Library/Frameworks/QuartzCore.framework; sourceTree = SDKROOT; };
		26705BF81B797C3A005EBEEE /* Security.framework */ = {isa = PBXFileReference; lastKnownFileType = wrapper.framework; name = Security.framework; path = System/Library/Frameworks/Security.framework; sourceTree = SDKROOT; };
		26705BF91B797C3A005EBEEE /* StoreKit.framework */ = {isa = PBXFileReference; lastKnownFileType = wrapper.framework; name = StoreKit.framework; path = System/Library/Frameworks/StoreKit.framework; sourceTree = SDKROOT; };
		26705BFA1B797C3A005EBEEE /* SystemConfiguration.framework */ = {isa = PBXFileReference; lastKnownFileType = wrapper.framework; name = SystemConfiguration.framework; path = System/Library/Frameworks/SystemConfiguration.framework; sourceTree = SDKROOT; };
		26705C051B797C90005EBEEE /* Bolts.framework */ = {isa = PBXFileReference; lastKnownFileType = wrapper.framework; path = Bolts.framework; sourceTree = "<group>"; };
		26705C071B797CBC005EBEEE /* libsqlite3.dylib */ = {isa = PBXFileReference; lastKnownFileType = "compiled.mach-o.dylib"; name = libsqlite3.dylib; path = usr/lib/libsqlite3.dylib; sourceTree = SDKROOT; };
		26705C101B798285005EBEEE /* SignupViewController.h */ = {isa = PBXFileReference; fileEncoding = 4; lastKnownFileType = sourcecode.c.h; name = SignupViewController.h; path = ../SignupViewController.h; sourceTree = "<group>"; };
		26705C111B798285005EBEEE /* SignupViewController.m */ = {isa = PBXFileReference; fileEncoding = 4; lastKnownFileType = sourcecode.c.objc; name = SignupViewController.m; path = ../SignupViewController.m; sourceTree = "<group>"; };
		26705C131B7982CF005EBEEE /* LoginViewController.h */ = {isa = PBXFileReference; fileEncoding = 4; lastKnownFileType = sourcecode.c.h; path = LoginViewController.h; sourceTree = "<group>"; };
		26705C141B7982CF005EBEEE /* LoginViewController.m */ = {isa = PBXFileReference; fileEncoding = 4; lastKnownFileType = sourcecode.c.objc; path = LoginViewController.m; sourceTree = "<group>"; };
/* End PBXFileReference section */

/* Begin PBXFrameworksBuildPhase section */
		260580801B75B92E008DBF28 /* Frameworks */ = {
			isa = PBXFrameworksBuildPhase;
			buildActionMask = 2147483647;
			files = (
				26705C081B797CBC005EBEEE /* libsqlite3.dylib in Frameworks */,
				26705BFB1B797C3A005EBEEE /* AudioToolbox.framework in Frameworks */,
				26705BFC1B797C3A005EBEEE /* CFNetwork.framework in Frameworks */,
				26705BFD1B797C3A005EBEEE /* CoreGraphics.framework in Frameworks */,
				26705C061B797C90005EBEEE /* Bolts.framework in Frameworks */,
				26705BFE1B797C3A005EBEEE /* CoreLocation.framework in Frameworks */,
				26705BFF1B797C3A005EBEEE /* libz.1.1.3.dylib in Frameworks */,
				26705C001B797C3A005EBEEE /* MobileCoreServices.framework in Frameworks */,
				26705C011B797C3A005EBEEE /* QuartzCore.framework in Frameworks */,
				26705C021B797C3A005EBEEE /* Security.framework in Frameworks */,
				26705C031B797C3A005EBEEE /* StoreKit.framework in Frameworks */,
				26705C041B797C3A005EBEEE /* SystemConfiguration.framework in Frameworks */,
				26705BF01B797AFE005EBEEE /* Parse.framework in Frameworks */,
			);
			runOnlyForDeploymentPostprocessing = 0;
		};
		260580991B75B92E008DBF28 /* Frameworks */ = {
			isa = PBXFrameworksBuildPhase;
			buildActionMask = 2147483647;
			files = (
			);
			runOnlyForDeploymentPostprocessing = 0;
		};
/* End PBXFrameworksBuildPhase section */

/* Begin PBXGroup section */
		2605807A1B75B92E008DBF28 = {
			isa = PBXGroup;
			children = (
				260580851B75B92E008DBF28 /* Ribbit */,
				2605809F1B75B92E008DBF28 /* RibbitTests */,
				260580841B75B92E008DBF28 /* Products */,
			);
			sourceTree = "<group>";
		};
		260580841B75B92E008DBF28 /* Products */ = {
			isa = PBXGroup;
			children = (
				260580831B75B92E008DBF28 /* Ribbit.app */,
				2605809C1B75B92E008DBF28 /* RibbitTests.xctest */,
			);
			name = Products;
			sourceTree = "<group>";
		};
		260580851B75B92E008DBF28 /* Ribbit */ = {
			isa = PBXGroup;
			children = (
				260580B81B768707008DBF28 /* Images */,
				2605808A1B75B92E008DBF28 /* AppDelegate.h */,
				2605808B1B75B92E008DBF28 /* AppDelegate.m */,
				26705BEC1B781F03005EBEEE /* InboxViewController.h */,
				26705BED1B781F03005EBEEE /* InboxViewController.m */,
				26705C101B798285005EBEEE /* SignupViewController.h */,
				26705C111B798285005EBEEE /* SignupViewController.m */,
				26705C131B7982CF005EBEEE /* LoginViewController.h */,
				26705C141B7982CF005EBEEE /* LoginViewController.m */,
				260580901B75B92E008DBF28 /* Main.storyboard */,
				260580931B75B92E008DBF28 /* Images.xcassets */,
				260580951B75B92E008DBF28 /* LaunchScreen.xib */,
				260580861B75B92E008DBF28 /* Supporting Files */,
			);
			path = Ribbit;
			sourceTree = "<group>";
		};
		260580861B75B92E008DBF28 /* Supporting Files */ = {
			isa = PBXGroup;
			children = (
				26705C051B797C90005EBEEE /* Bolts.framework */,
				26705BEF1B797AFD005EBEEE /* Parse.framework */,
				26705BF11B797C3A005EBEEE /* AudioToolbox.framework */,
				26705BF21B797C3A005EBEEE /* CFNetwork.framework */,
				26705BF31B797C3A005EBEEE /* CoreGraphics.framework */,
				26705BF41B797C3A005EBEEE /* CoreLocation.framework */,
				26705BF51B797C3A005EBEEE /* libz.1.1.3.dylib */,
				26705C071B797CBC005EBEEE /* libsqlite3.dylib */,
				26705BF61B797C3A005EBEEE /* MobileCoreServices.framework */,
				26705BF71B797C3A005EBEEE /* QuartzCore.framework */,
				26705BF81B797C3A005EBEEE /* Security.framework */,
				26705BF91B797C3A005EBEEE /* StoreKit.framework */,
				26705BFA1B797C3A005EBEEE /* SystemConfiguration.framework */,
				260580871B75B92E008DBF28 /* Info.plist */,
				260580881B75B92E008DBF28 /* main.m */,
			);
			name = "Supporting Files";
			sourceTree = "<group>";
		};
		2605809F1B75B92E008DBF28 /* RibbitTests */ = {
			isa = PBXGroup;
			children = (
				260580A21B75B92E008DBF28 /* RibbitTests.m */,
				260580A01B75B92E008DBF28 /* Supporting Files */,
			);
			path = RibbitTests;
			sourceTree = "<group>";
		};
		260580A01B75B92E008DBF28 /* Supporting Files */ = {
			isa = PBXGroup;
			children = (
				260580A11B75B92E008DBF28 /* Info.plist */,
			);
			name = "Supporting Files";
			sourceTree = "<group>";
		};
		260580B81B768707008DBF28 /* Images */ = {
			isa = PBXGroup;
			children = (
				260580AC1B768698008DBF28 /* camera.png */,
				260580AD1B768698008DBF28 /* friends.png */,
				260580AE1B768698008DBF28 /* inbox.png */,
				260580AF1B768698008DBF28 /* camera@2x.png */,
				260580B01B768698008DBF28 /* friends@2x.png */,
				260580B11B768698008DBF28 /* inbox@2x.png */,
			);
			name = Images;
			sourceTree = "<group>";
		};
/* End PBXGroup section */

/* Begin PBXNativeTarget section */
		260580821B75B92E008DBF28 /* Ribbit */ = {
			isa = PBXNativeTarget;
			buildConfigurationList = 260580A61B75B92E008DBF28 /* Build configuration list for PBXNativeTarget "Ribbit" */;
			buildPhases = (
				2605807F1B75B92E008DBF28 /* Sources */,
				260580801B75B92E008DBF28 /* Frameworks */,
				260580811B75B92E008DBF28 /* Resources */,
			);
			buildRules = (
			);
			dependencies = (
			);
			name = Ribbit;
			productName = Ribbit;
			productReference = 260580831B75B92E008DBF28 /* Ribbit.app */;
			productType = "com.apple.product-type.application";
		};
		2605809B1B75B92E008DBF28 /* RibbitTests */ = {
			isa = PBXNativeTarget;
			buildConfigurationList = 260580A91B75B92E008DBF28 /* Build configuration list for PBXNativeTarget "RibbitTests" */;
			buildPhases = (
				260580981B75B92E008DBF28 /* Sources */,
				260580991B75B92E008DBF28 /* Frameworks */,
				2605809A1B75B92E008DBF28 /* Resources */,
			);
			buildRules = (
			);
			dependencies = (
				2605809E1B75B92E008DBF28 /* PBXTargetDependency */,
			);
			name = RibbitTests;
			productName = RibbitTests;
			productReference = 2605809C1B75B92E008DBF28 /* RibbitTests.xctest */;
			productType = "com.apple.product-type.bundle.unit-test";
		};
/* End PBXNativeTarget section */

/* Begin PBXProject section */
		2605807B1B75B92E008DBF28 /* Project object */ = {
			isa = PBXProject;
			attributes = {
				LastUpgradeCheck = 0640;
				ORGANIZATIONNAME = TeamTreeHouse;
				TargetAttributes = {
					260580821B75B92E008DBF28 = {
						CreatedOnToolsVersion = 6.4;
					};
					2605809B1B75B92E008DBF28 = {
						CreatedOnToolsVersion = 6.4;
						TestTargetID = 260580821B75B92E008DBF28;
					};
				};
			};
			buildConfigurationList = 2605807E1B75B92E008DBF28 /* Build configuration list for PBXProject "Ribbit" */;
			compatibilityVersion = "Xcode 3.2";
			developmentRegion = English;
			hasScannedForEncodings = 0;
			knownRegions = (
				en,
				Base,
			);
			mainGroup = 2605807A1B75B92E008DBF28;
			productRefGroup = 260580841B75B92E008DBF28 /* Products */;
			projectDirPath = "";
			projectRoot = "";
			targets = (
				260580821B75B92E008DBF28 /* Ribbit */,
				2605809B1B75B92E008DBF28 /* RibbitTests */,
			);
		};
/* End PBXProject section */

/* Begin PBXResourcesBuildPhase section */
		260580811B75B92E008DBF28 /* Resources */ = {
			isa = PBXResourcesBuildPhase;
			buildActionMask = 2147483647;
			files = (
				260580921B75B92E008DBF28 /* Main.storyboard in Resources */,
				260580971B75B92E008DBF28 /* LaunchScreen.xib in Resources */,
				260580B41B768698008DBF28 /* inbox.png in Resources */,
				260580B31B768698008DBF28 /* friends.png in Resources */,
				260580B51B768698008DBF28 /* camera@2x.png in Resources */,
				260580B21B768698008DBF28 /* camera.png in Resources */,
				260580B61B768698008DBF28 /* friends@2x.png in Resources */,
				260580941B75B92E008DBF28 /* Images.xcassets in Resources */,
				260580B71B768698008DBF28 /* inbox@2x.png in Resources */,
			);
			runOnlyForDeploymentPostprocessing = 0;
		};
		2605809A1B75B92E008DBF28 /* Resources */ = {
			isa = PBXResourcesBuildPhase;
			buildActionMask = 2147483647;
			files = (
			);
			runOnlyForDeploymentPostprocessing = 0;
		};
/* End PBXResourcesBuildPhase section */

/* Begin PBXSourcesBuildPhase section */
		2605807F1B75B92E008DBF28 /* Sources */ = {
			isa = PBXSourcesBuildPhase;
			buildActionMask = 2147483647;
			files = (
				2605808C1B75B92E008DBF28 /* AppDelegate.m in Sources */,
				260580891B75B92E008DBF28 /* main.m in Sources */,
				26705C151B7982CF005EBEEE /* LoginViewController.m in Sources */,
				26705BEE1B781F03005EBEEE /* InboxViewController.m in Sources */,
				26705C121B798285005EBEEE /* SignupViewController.m in Sources */,
			);
			runOnlyForDeploymentPostprocessing = 0;
		};
		260580981B75B92E008DBF28 /* Sources */ = {
			isa = PBXSourcesBuildPhase;
			buildActionMask = 2147483647;
			files = (
				260580A31B75B92E008DBF28 /* RibbitTests.m in Sources */,
			);
			runOnlyForDeploymentPostprocessing = 0;
		};
/* End PBXSourcesBuildPhase section */

/* Begin PBXTargetDependency section */
		2605809E1B75B92E008DBF28 /* PBXTargetDependency */ = {
			isa = PBXTargetDependency;
			target = 260580821B75B92E008DBF28 /* Ribbit */;
			targetProxy = 2605809D1B75B92E008DBF28 /* PBXContainerItemProxy */;
		};
/* End PBXTargetDependency section */

/* Begin PBXVariantGroup section */
		260580901B75B92E008DBF28 /* Main.storyboard */ = {
			isa = PBXVariantGroup;
			children = (
				260580911B75B92E008DBF28 /* Base */,
			);
			name = Main.storyboard;
			sourceTree = "<group>";
		};
		260580951B75B92E008DBF28 /* LaunchScreen.xib */ = {
			isa = PBXVariantGroup;
			children = (
				260580961B75B92E008DBF28 /* Base */,
			);
			name = LaunchScreen.xib;
			sourceTree = "<group>";
		};
/* End PBXVariantGroup section */

/* Begin XCBuildConfiguration section */
		260580A41B75B92E008DBF28 /* Debug */ = {
			isa = XCBuildConfiguration;
			buildSettings = {
				ALWAYS_SEARCH_USER_PATHS = NO;
				CLANG_CXX_LANGUAGE_STANDARD = "gnu++0x";
				CLANG_CXX_LIBRARY = "libc++";
				CLANG_ENABLE_MODULES = YES;
				CLANG_ENABLE_OBJC_ARC = YES;
				CLANG_WARN_BOOL_CONVERSION = YES;
				CLANG_WARN_CONSTANT_CONVERSION = YES;
				CLANG_WARN_DIRECT_OBJC_ISA_USAGE = YES_ERROR;
				CLANG_WARN_EMPTY_BODY = YES;
				CLANG_WARN_ENUM_CONVERSION = YES;
				CLANG_WARN_INT_CONVERSION = YES;
				CLANG_WARN_OBJC_ROOT_CLASS = YES_ERROR;
				CLANG_WARN_UNREACHABLE_CODE = YES;
				CLANG_WARN__DUPLICATE_METHOD_MATCH = YES;
				"CODE_SIGN_IDENTITY[sdk=iphoneos*]" = "iPhone Developer";
				COPY_PHASE_STRIP = NO;
				DEBUG_INFORMATION_FORMAT = "dwarf-with-dsym";
				ENABLE_STRICT_OBJC_MSGSEND = YES;
				GCC_C_LANGUAGE_STANDARD = gnu99;
				GCC_DYNAMIC_NO_PIC = NO;
				GCC_NO_COMMON_BLOCKS = YES;
				GCC_OPTIMIZATION_LEVEL = 0;
				GCC_PREPROCESSOR_DEFINITIONS = (
					"DEBUG=1",
					"$(inherited)",
				);
				GCC_SYMBOLS_PRIVATE_EXTERN = NO;
				GCC_WARN_64_TO_32_BIT_CONVERSION = YES;
				GCC_WARN_ABOUT_RETURN_TYPE = YES_ERROR;
				GCC_WARN_UNDECLARED_SELECTOR = YES;
				GCC_WARN_UNINITIALIZED_AUTOS = YES_AGGRESSIVE;
				GCC_WARN_UNUSED_FUNCTION = YES;
				GCC_WARN_UNUSED_VARIABLE = YES;
				IPHONEOS_DEPLOYMENT_TARGET = 8.4;
				MTL_ENABLE_DEBUG_INFO = YES;
				ONLY_ACTIVE_ARCH = YES;
				SDKROOT = iphoneos;
			};
			name = Debug;
		};
		260580A51B75B92E008DBF28 /* Release */ = {
			isa = XCBuildConfiguration;
			buildSettings = {
				ALWAYS_SEARCH_USER_PATHS = NO;
				CLANG_CXX_LANGUAGE_STANDARD = "gnu++0x";
				CLANG_CXX_LIBRARY = "libc++";
				CLANG_ENABLE_MODULES = YES;
				CLANG_ENABLE_OBJC_ARC = YES;
				CLANG_WARN_BOOL_CONVERSION = YES;
				CLANG_WARN_CONSTANT_CONVERSION = YES;
				CLANG_WARN_DIRECT_OBJC_ISA_USAGE = YES_ERROR;
				CLANG_WARN_EMPTY_BODY = YES;
				CLANG_WARN_ENUM_CONVERSION = YES;
				CLANG_WARN_INT_CONVERSION = YES;
				CLANG_WARN_OBJC_ROOT_CLASS = YES_ERROR;
				CLANG_WARN_UNREACHABLE_CODE = YES;
				CLANG_WARN__DUPLICATE_METHOD_MATCH = YES;
				"CODE_SIGN_IDENTITY[sdk=iphoneos*]" = "iPhone Developer";
				COPY_PHASE_STRIP = NO;
				DEBUG_INFORMATION_FORMAT = "dwarf-with-dsym";
				ENABLE_NS_ASSERTIONS = NO;
				ENABLE_STRICT_OBJC_MSGSEND = YES;
				GCC_C_LANGUAGE_STANDARD = gnu99;
				GCC_NO_COMMON_BLOCKS = YES;
				GCC_WARN_64_TO_32_BIT_CONVERSION = YES;
				GCC_WARN_ABOUT_RETURN_TYPE = YES_ERROR;
				GCC_WARN_UNDECLARED_SELECTOR = YES;
				GCC_WARN_UNINITIALIZED_AUTOS = YES_AGGRESSIVE;
				GCC_WARN_UNUSED_FUNCTION = YES;
				GCC_WARN_UNUSED_VARIABLE = YES;
				IPHONEOS_DEPLOYMENT_TARGET = 8.4;
				MTL_ENABLE_DEBUG_INFO = NO;
				SDKROOT = iphoneos;
				VALIDATE_PRODUCT = YES;
			};
			name = Release;
		};
		260580A71B75B92E008DBF28 /* Debug */ = {
			isa = XCBuildConfiguration;
			buildSettings = {
				ASSETCATALOG_COMPILER_APPICON_NAME = AppIcon;
				FRAMEWORK_SEARCH_PATHS = (
					"$(inherited)",
					"$(PROJECT_DIR)/Ribbit",
				);
				INFOPLIST_FILE = Ribbit/Info.plist;
				LD_RUNPATH_SEARCH_PATHS = "$(inherited) @executable_path/Frameworks";
				PRODUCT_NAME = "$(TARGET_NAME)";
			};
			name = Debug;
		};
		260580A81B75B92E008DBF28 /* Release */ = {
			isa = XCBuildConfiguration;
			buildSettings = {
				ASSETCATALOG_COMPILER_APPICON_NAME = AppIcon;
				FRAMEWORK_SEARCH_PATHS = (
					"$(inherited)",
					"$(PROJECT_DIR)/Ribbit",
				);
				INFOPLIST_FILE = Ribbit/Info.plist;
				LD_RUNPATH_SEARCH_PATHS = "$(inherited) @executable_path/Frameworks";
				PRODUCT_NAME = "$(TARGET_NAME)";
			};
			name = Release;
		};
		260580AA1B75B92E008DBF28 /* Debug */ = {
			isa = XCBuildConfiguration;
			buildSettings = {
				BUNDLE_LOADER = "$(TEST_HOST)";
				FRAMEWORK_SEARCH_PATHS = (
					"$(SDKROOT)/Developer/Library/Frameworks",
					"$(inherited)",
				);
				GCC_PREPROCESSOR_DEFINITIONS = (
					"DEBUG=1",
					"$(inherited)",
				);
				INFOPLIST_FILE = RibbitTests/Info.plist;
				LD_RUNPATH_SEARCH_PATHS = "$(inherited) @executable_path/Frameworks @loader_path/Frameworks";
				PRODUCT_NAME = "$(TARGET_NAME)";
				TEST_HOST = "$(BUILT_PRODUCTS_DIR)/Ribbit.app/Ribbit";
			};
			name = Debug;
		};
		260580AB1B75B92E008DBF28 /* Release */ = {
			isa = XCBuildConfiguration;
			buildSettings = {
				BUNDLE_LOADER = "$(TEST_HOST)";
				FRAMEWORK_SEARCH_PATHS = (
					"$(SDKROOT)/Developer/Library/Frameworks",
					"$(inherited)",
				);
				INFOPLIST_FILE = RibbitTests/Info.plist;
				LD_RUNPATH_SEARCH_PATHS = "$(inherited) @executable_path/Frameworks @loader_path/Frameworks";
				PRODUCT_NAME = "$(TARGET_NAME)";
				TEST_HOST = "$(BUILT_PRODUCTS_DIR)/Ribbit.app/Ribbit";
			};
			name = Release;
		};
/* End XCBuildConfiguration section */

/* Begin XCConfigurationList section */
		2605807E1B75B92E008DBF28 /* Build configuration list for PBXProject "Ribbit" */ = {
			isa = XCConfigurationList;
			buildConfigurations = (
				260580A41B75B92E008DBF28 /* Debug */,
				260580A51B75B92E008DBF28 /* Release */,
			);
			defaultConfigurationIsVisible = 0;
			defaultConfigurationName = Release;
		};
		260580A61B75B92E008DBF28 /* Build configuration list for PBXNativeTarget "Ribbit" */ = {
			isa = XCConfigurationList;
			buildConfigurations = (
				260580A71B75B92E008DBF28 /* Debug */,
				260580A81B75B92E008DBF28 /* Release */,
			);
			defaultConfigurationIsVisible = 0;
			defaultConfigurationName = Release;
		};
		260580A91B75B92E008DBF28 /* Build configuration list for PBXNativeTarget "RibbitTests" */ = {
			isa = XCConfigurationList;
			buildConfigurations = (
				260580AA1B75B92E008DBF28 /* Debug */,
				260580AB1B75B92E008DBF28 /* Release */,
			);
			defaultConfigurationIsVisible = 0;
			defaultConfigurationName = Release;
		};
/* End XCConfigurationList section */
	};
	rootObject = 2605807B1B75B92E008DBF28 /* Project object */;
}
